<?xml version="1.0" encoding="utf-8"?>
<Project ToolsVersion="4.0" xmlns="http://schemas.microsoft.com/developer/msbuild/2003">
  <ItemGroup>
    <Filter Include="Source Files">
      <UniqueIdentifier>{c83e2e28-dc94-45e0-8010-6992665af2ae}</UniqueIdentifier>
      <Extensions>cpp;c;cc;cxx;def;odl;idl;hpj;bat;asm;asmx</Extensions>
    </Filter>
    <Filter Include="Header Files">
      <UniqueIdentifier>{c465f685-b679-47e4-a7f6-b0cf122da991}</UniqueIdentifier>
      <Extensions>h;hpp;hxx;hm;inl;inc;xsd</Extensions>
    </Filter>
  </ItemGroup>
  <ItemGroup>
    <ClCompile Include="src\h261_enc_bitstream.cpp">
      <Filter>Source Files</Filter>
    </ClCompile>
    <ClCompile Include="src\h261_enc_frame.cpp">
      <Filter>Source Files</Filter>
    </ClCompile>
    <ClCompile Include="src\h261_enc_headers.cpp">
      <Filter>Source Files</Filter>
    </ClCompile>
    <ClCompile Include="src\h261_enc_misc.cpp">
      <Filter>Source Files</Filter>
    </ClCompile>
    <ClCompile Include="src\h261_enc_tables.cpp">
      <Filter>Source Files</Filter>
    </ClCompile>
    <ClCompile Include="src\umc_h261_video_encoder.cpp">
      <Filter>Source Files</Filter>
    </ClCompile>
  </ItemGroup>
  <ItemGroup>
    <ClInclude Include="include\h261_enc.hpp">
      <Filter>Header Files</Filter>
    </ClInclude>
    <ClInclude Include="include\h261_enc_bitstream.hpp">
      <Filter>Header Files</Filter>
    </ClInclude>
    <ClInclude Include="include\umc_h261_video_encoder.h">
      <Filter>Header Files</Filter>
    </ClInclude>
  </ItemGroup>
</Project>