
Microsoft Visual Studio Solution File, Format Version 12.00
# Visual Studio Version 17
VisualStudioVersion = 17.0.32014.148
MinimumVisualStudioVersion = 10.0.40219.1
Project("{8BC9CEB8-8B4A-11D0-8D11-00A0C91BC942}") = "umc", "core\umc\base_classes.vcxproj", "{31991D83-F6A2-49D9-BDC5-64E85D055A1C}"
EndProject
Project("{8BC9CEB8-8B4A-11D0-8D11-00A0C91BC942}") = "h261_enc", "codec\h261_enc\h261_enc.vcxproj", "{0CAE781F-A219-45F2-A5ED-2773B13144FC}"
EndProject
Project("{8BC9CEB8-8B4A-11D0-8D11-00A0C91BC942}") = "h263_enc", "codec\h263_enc\h263_enc.vcxproj", "{0CAE781F-A219-45F2-A5ED-2773B13144FD}"
EndProject
Project("{8BC9CEB8-8B4A-11D0-8D11-00A0C91BC942}") = "h264_enc", "codec\h264_enc\h264_enc.vcxproj", "{35EBE815-8982-4D93-A7D2-FB9F3CFE2E86}"
EndProject
Project("{8BC9CEB8-8B4A-11D0-8D11-00A0C91BC942}") = "mpeg2_enc", "codec\mpeg2_enc\mpeg2_enc.vcxproj", "{3C2E1E62-5CDE-4D3C-9705-900B5A187198}"
EndProject
Project("{8BC9CEB8-8B4A-11D0-8D11-00A0C91BC942}") = "mpeg4_enc", "codec\mpeg4_enc\mpeg4_enc.vcxproj", "{0CAE781F-A219-45F2-A5ED-2773B13144FB}"
EndProject
Project("{8BC9CEB8-8B4A-11D0-8D11-00A0C91BC942}") = "vm", "core\vm\vm.vcxproj", "{D41D3178-5C65-4868-BDB1-42C44643274E}"
EndProject
Project("{8BC9CEB8-8B4A-11D0-8D11-00A0C91BC942}") = "vm_plus", "core\vm_plus\vm_plus.vcxproj", "{04854E7F-2A17-4B40-A14F-4E1D9B1D4785}"
EndProject
Project("{8BC9CEB8-8B4A-11D0-8D11-00A0C91BC942}") = "media_buffers", "io\media_buffers\media_buffers.vcxproj", "{59796143-2A7B-4491-8153-7E6088A3F8D2}"
EndProject
Project("{8BC9CEB8-8B4A-11D0-8D11-00A0C91BC942}") = "umc_io", "io\umc_io\umc_io.vcxproj", "{8BA23C0C-D2D7-4A5A-B8F9-BA5CA19CBAB7}"
EndProject
Project("{8BC9CEB8-8B4A-11D0-8D11-00A0C91BC942}") = "common", "codec\common\common.vcxproj", "{DF581E3F-1816-4384-9FAC-CDF8C651F13D}"
EndProject
Global
	GlobalSection(SolutionConfigurationPlatforms) = preSolution
		debug_ascii|x64 = debug_ascii|x64
		debug_ascii|x86 = debug_ascii|x86
		debug|x64 = debug|x64
		debug|x86 = debug|x86
		release_ascii|x64 = release_ascii|x64
		release_ascii|x86 = release_ascii|x86
		release|x64 = release|x64
		release|x86 = release|x86
	EndGlobalSection
	GlobalSection(ProjectConfigurationPlatforms) = postSolution
		{31991D83-F6A2-49D9-BDC5-64E85D055A1C}.debug_ascii|x64.ActiveCfg = debug_ascii|x64
		{31991D83-F6A2-49D9-BDC5-64E85D055A1C}.debug_ascii|x64.Build.0 = debug_ascii|x64
		{31991D83-F6A2-49D9-BDC5-64E85D055A1C}.debug_ascii|x86.ActiveCfg = debug_ascii|Win32
		{31991D83-F6A2-49D9-BDC5-64E85D055A1C}.debug_ascii|x86.Build.0 = debug_ascii|Win32
		{31991D83-F6A2-49D9-BDC5-64E85D055A1C}.debug|x64.ActiveCfg = debug|x64
		{31991D83-F6A2-49D9-BDC5-64E85D055A1C}.debug|x64.Build.0 = debug|x64
		{31991D83-F6A2-49D9-BDC5-64E85D055A1C}.debug|x86.ActiveCfg = debug|Win32
		{31991D83-F6A2-49D9-BDC5-64E85D055A1C}.debug|x86.Build.0 = debug|Win32
		{31991D83-F6A2-49D9-BDC5-64E85D055A1C}.release_ascii|x64.ActiveCfg = release_ascii|x64
		{31991D83-F6A2-49D9-BDC5-64E85D055A1C}.release_ascii|x64.Build.0 = release_ascii|x64
		{31991D83-F6A2-49D9-BDC5-64E85D055A1C}.release_ascii|x86.ActiveCfg = release_ascii|Win32
		{31991D83-F6A2-49D9-BDC5-64E85D055A1C}.release_ascii|x86.Build.0 = release_ascii|Win32
		{31991D83-F6A2-49D9-BDC5-64E85D055A1C}.release|x64.ActiveCfg = release|x64
		{31991D83-F6A2-49D9-BDC5-64E85D055A1C}.release|x64.Build.0 = release|x64
		{31991D83-F6A2-49D9-BDC5-64E85D055A1C}.release|x86.ActiveCfg = release|Win32
		{31991D83-F6A2-49D9-BDC5-64E85D055A1C}.release|x86.Build.0 = release|Win32
		{0CAE781F-A219-45F2-A5ED-2773B13144FC}.debug_ascii|x64.ActiveCfg = debug_ascii|x64
		{0CAE781F-A219-45F2-A5ED-2773B13144FC}.debug_ascii|x64.Build.0 = debug_ascii|x64
		{0CAE781F-A219-45F2-A5ED-2773B13144FC}.debug_ascii|x86.ActiveCfg = debug_ascii|Win32
		{0CAE781F-A219-45F2-A5ED-2773B13144FC}.debug_ascii|x86.Build.0 = debug_ascii|Win32
		{0CAE781F-A219-45F2-A5ED-2773B13144FC}.debug|x64.ActiveCfg = debug|x64
		{0CAE781F-A219-45F2-A5ED-2773B13144FC}.debug|x64.Build.0 = debug|x64
		{0CAE781F-A219-45F2-A5ED-2773B13144FC}.debug|x86.ActiveCfg = debug|Win32
		{0CAE781F-A219-45F2-A5ED-2773B13144FC}.debug|x86.Build.0 = debug|Win32
		{0CAE781F-A219-45F2-A5ED-2773B13144FC}.release_ascii|x64.ActiveCfg = release_ascii|x64
		{0CAE781F-A219-45F2-A5ED-2773B13144FC}.release_ascii|x64.Build.0 = release_ascii|x64
		{0CAE781F-A219-45F2-A5ED-2773B13144FC}.release_ascii|x86.ActiveCfg = release_ascii|Win32
		{0CAE781F-A219-45F2-A5ED-2773B13144FC}.release_ascii|x86.Build.0 = release_ascii|Win32
		{0CAE781F-A219-45F2-A5ED-2773B13144FC}.release|x64.ActiveCfg = release|x64
		{0CAE781F-A219-45F2-A5ED-2773B13144FC}.release|x64.Build.0 = release|x64
		{0CAE781F-A219-45F2-A5ED-2773B13144FC}.release|x86.ActiveCfg = release|Win32
		{0CAE781F-A219-45F2-A5ED-2773B13144FC}.release|x86.Build.0 = release|Win32
		{0CAE781F-A219-45F2-A5ED-2773B13144FD}.debug_ascii|x64.ActiveCfg = debug_ascii|x64
		{0CAE781F-A219-45F2-A5ED-2773B13144FD}.debug_ascii|x64.Build.0 = debug_ascii|x64
		{0CAE781F-A219-45F2-A5ED-2773B13144FD}.debug_ascii|x86.ActiveCfg = debug_ascii|Win32
		{0CAE781F-A219-45F2-A5ED-2773B13144FD}.debug_ascii|x86.Build.0 = debug_ascii|Win32
		{0CAE781F-A219-45F2-A5ED-2773B13144FD}.debug|x64.ActiveCfg = debug|x64
		{0CAE781F-A219-45F2-A5ED-2773B13144FD}.debug|x64.Build.0 = debug|x64
		{0CAE781F-A219-45F2-A5ED-2773B13144FD}.debug|x86.ActiveCfg = debug|Win32
		{0CAE781F-A219-45F2-A5ED-2773B13144FD}.debug|x86.Build.0 = debug|Win32
		{0CAE781F-A219-45F2-A5ED-2773B13144FD}.release_ascii|x64.ActiveCfg = release_ascii|x64
		{0CAE781F-A219-45F2-A5ED-2773B13144FD}.release_ascii|x64.Build.0 = release_ascii|x64
		{0CAE781F-A219-45F2-A5ED-2773B13144FD}.release_ascii|x86.ActiveCfg = release_ascii|Win32
		{0CAE781F-A219-45F2-A5ED-2773B13144FD}.release_ascii|x86.Build.0 = release_ascii|Win32
		{0CAE781F-A219-45F2-A5ED-2773B13144FD}.release|x64.ActiveCfg = release|x64
		{0CAE781F-A219-45F2-A5ED-2773B13144FD}.release|x64.Build.0 = release|x64
		{0CAE781F-A219-45F2-A5ED-2773B13144FD}.release|x86.ActiveCfg = release|Win32
		{0CAE781F-A219-45F2-A5ED-2773B13144FD}.release|x86.Build.0 = release|Win32
		{35EBE815-8982-4D93-A7D2-FB9F3CFE2E86}.debug_ascii|x64.ActiveCfg = debug_ascii|x64
		{35EBE815-8982-4D93-A7D2-FB9F3CFE2E86}.debug_ascii|x64.Build.0 = debug_ascii|x64
		{35EBE815-8982-4D93-A7D2-FB9F3CFE2E86}.debug_ascii|x86.ActiveCfg = debug_ascii|Win32
		{35EBE815-8982-4D93-A7D2-FB9F3CFE2E86}.debug_ascii|x86.Build.0 = debug_ascii|Win32
		{35EBE815-8982-4D93-A7D2-FB9F3CFE2E86}.debug|x64.ActiveCfg = debug|x64
		{35EBE815-8982-4D93-A7D2-FB9F3CFE2E86}.debug|x64.Build.0 = debug|x64
		{35EBE815-8982-4D93-A7D2-FB9F3CFE2E86}.debug|x86.ActiveCfg = debug|Win32
		{35EBE815-8982-4D93-A7D2-FB9F3CFE2E86}.debug|x86.Build.0 = debug|Win32
		{35EBE815-8982-4D93-A7D2-FB9F3CFE2E86}.release_ascii|x64.ActiveCfg = release_ascii|x64
		{35EBE815-8982-4D93-A7D2-FB9F3CFE2E86}.release_ascii|x64.Build.0 = release_ascii|x64
		{35EBE815-8982-4D93-A7D2-FB9F3CFE2E86}.release_ascii|x86.ActiveCfg = release_ascii|Win32
		{35EBE815-8982-4D93-A7D2-FB9F3CFE2E86}.release_ascii|x86.Build.0 = release_ascii|Win32
		{35EBE815-8982-4D93-A7D2-FB9F3CFE2E86}.release|x64.ActiveCfg = release|x64
		{35EBE815-8982-4D93-A7D2-FB9F3CFE2E86}.release|x64.Build.0 = release|x64
		{35EBE815-8982-4D93-A7D2-FB9F3CFE2E86}.release|x86.ActiveCfg = release|Win32
		{35EBE815-8982-4D93-A7D2-FB9F3CFE2E86}.release|x86.Build.0 = release|Win32
		{3C2E1E62-5CDE-4D3C-9705-900B5A187198}.debug_ascii|x64.ActiveCfg = debug_ascii|x64
		{3C2E1E62-5CDE-4D3C-9705-900B5A187198}.debug_ascii|x64.Build.0 = debug_ascii|x64
		{3C2E1E62-5CDE-4D3C-9705-900B5A187198}.debug_ascii|x86.ActiveCfg = debug_ascii|Win32
		{3C2E1E62-5CDE-4D3C-9705-900B5A187198}.debug_ascii|x86.Build.0 = debug_ascii|Win32
		{3C2E1E62-5CDE-4D3C-9705-900B5A187198}.debug|x64.ActiveCfg = debug|x64
		{3C2E1E62-5CDE-4D3C-9705-900B5A187198}.debug|x64.Build.0 = debug|x64
		{3C2E1E62-5CDE-4D3C-9705-900B5A187198}.debug|x86.ActiveCfg = debug|Win32
		{3C2E1E62-5CDE-4D3C-9705-900B5A187198}.debug|x86.Build.0 = debug|Win32
		{3C2E1E62-5CDE-4D3C-9705-900B5A187198}.release_ascii|x64.ActiveCfg = release_ascii|x64
		{3C2E1E62-5CDE-4D3C-9705-900B5A187198}.release_ascii|x64.Build.0 = release_ascii|x64
		{3C2E1E62-5CDE-4D3C-9705-900B5A187198}.release_ascii|x86.ActiveCfg = release_ascii|Win32
		{3C2E1E62-5CDE-4D3C-9705-900B5A187198}.release_ascii|x86.Build.0 = release_ascii|Win32
		{3C2E1E62-5CDE-4D3C-9705-900B5A187198}.release|x64.ActiveCfg = release|x64
		{3C2E1E62-5CDE-4D3C-9705-900B5A187198}.release|x64.Build.0 = release|x64
		{3C2E1E62-5CDE-4D3C-9705-900B5A187198}.release|x86.ActiveCfg = release|Win32
		{3C2E1E62-5CDE-4D3C-9705-900B5A187198}.release|x86.Build.0 = release|Win32
		{0CAE781F-A219-45F2-A5ED-2773B13144FB}.debug_ascii|x64.ActiveCfg = debug_ascii|x64
		{0CAE781F-A219-45F2-A5ED-2773B13144FB}.debug_ascii|x64.Build.0 = debug_ascii|x64
		{0CAE781F-A219-45F2-A5ED-2773B13144FB}.debug_ascii|x86.ActiveCfg = debug_ascii|Win32
		{0CAE781F-A219-45F2-A5ED-2773B13144FB}.debug_ascii|x86.Build.0 = debug_ascii|Win32
		{0CAE781F-A219-45F2-A5ED-2773B13144FB}.debug|x64.ActiveCfg = debug|x64
		{0CAE781F-A219-45F2-A5ED-2773B13144FB}.debug|x64.Build.0 = debug|x64
		{0CAE781F-A219-45F2-A5ED-2773B13144FB}.debug|x86.ActiveCfg = debug|Win32
		{0CAE781F-A219-45F2-A5ED-2773B13144FB}.debug|x86.Build.0 = debug|Win32
		{0CAE781F-A219-45F2-A5ED-2773B13144FB}.release_ascii|x64.ActiveCfg = release_ascii|x64
		{0CAE781F-A219-45F2-A5ED-2773B13144FB}.release_ascii|x64.Build.0 = release_ascii|x64
		{0CAE781F-A219-45F2-A5ED-2773B13144FB}.release_ascii|x86.ActiveCfg = release_ascii|Win32
		{0CAE781F-A219-45F2-A5ED-2773B13144FB}.release_ascii|x86.Build.0 = release_ascii|Win32
		{0CAE781F-A219-45F2-A5ED-2773B13144FB}.release|x64.ActiveCfg = release|x64
		{0CAE781F-A219-45F2-A5ED-2773B13144FB}.release|x64.Build.0 = release|x64
		{0CAE781F-A219-45F2-A5ED-2773B13144FB}.release|x86.ActiveCfg = release|Win32
		{0CAE781F-A219-45F2-A5ED-2773B13144FB}.release|x86.Build.0 = release|Win32
		{D41D3178-5C65-4868-BDB1-42C44643274E}.debug_ascii|x64.ActiveCfg = debug_ascii|x64
		{D41D3178-5C65-4868-BDB1-42C44643274E}.debug_ascii|x64.Build.0 = debug_ascii|x64
		{D41D3178-5C65-4868-BDB1-42C44643274E}.debug_ascii|x86.ActiveCfg = debug_ascii|Win32
		{D41D3178-5C65-4868-BDB1-42C44643274E}.debug_ascii|x86.Build.0 = debug_ascii|Win32
		{D41D3178-5C65-4868-BDB1-42C44643274E}.debug|x64.ActiveCfg = debug|x64
		{D41D3178-5C65-4868-BDB1-42C44643274E}.debug|x64.Build.0 = debug|x64
		{D41D3178-5C65-4868-BDB1-42C44643274E}.debug|x86.ActiveCfg = debug|Win32
		{D41D3178-5C65-4868-BDB1-42C44643274E}.debug|x86.Build.0 = debug|Win32
		{D41D3178-5C65-4868-BDB1-42C44643274E}.release_ascii|x64.ActiveCfg = release_ascii|x64
		{D41D3178-5C65-4868-BDB1-42C44643274E}.release_ascii|x64.Build.0 = release_ascii|x64
		{D41D3178-5C65-4868-BDB1-42C44643274E}.release_ascii|x86.ActiveCfg = release_ascii|Win32
		{D41D3178-5C65-4868-BDB1-42C44643274E}.release_ascii|x86.Build.0 = release_ascii|Win32
		{D41D3178-5C65-4868-BDB1-42C44643274E}.release|x64.ActiveCfg = release|x64
		{D41D3178-5C65-4868-BDB1-42C44643274E}.release|x64.Build.0 = release|x64
		{D41D3178-5C65-4868-BDB1-42C44643274E}.release|x86.ActiveCfg = release|Win32
		{D41D3178-5C65-4868-BDB1-42C44643274E}.release|x86.Build.0 = release|Win32
		{04854E7F-2A17-4B40-A14F-4E1D9B1D4785}.debug_ascii|x64.ActiveCfg = debug_ascii|x64
		{04854E7F-2A17-4B40-A14F-4E1D9B1D4785}.debug_ascii|x64.Build.0 = debug_ascii|x64
		{04854E7F-2A17-4B40-A14F-4E1D9B1D4785}.debug_ascii|x86.ActiveCfg = debug_ascii|Win32
		{04854E7F-2A17-4B40-A14F-4E1D9B1D4785}.debug_ascii|x86.Build.0 = debug_ascii|Win32
		{04854E7F-2A17-4B40-A14F-4E1D9B1D4785}.debug|x64.ActiveCfg = debug|x64
		{04854E7F-2A17-4B40-A14F-4E1D9B1D4785}.debug|x64.Build.0 = debug|x64
		{04854E7F-2A17-4B40-A14F-4E1D9B1D4785}.debug|x86.ActiveCfg = debug|Win32
		{04854E7F-2A17-4B40-A14F-4E1D9B1D4785}.debug|x86.Build.0 = debug|Win32
		{04854E7F-2A17-4B40-A14F-4E1D9B1D4785}.release_ascii|x64.ActiveCfg = release_ascii|x64
		{04854E7F-2A17-4B40-A14F-4E1D9B1D4785}.release_ascii|x64.Build.0 = release_ascii|x64
		{04854E7F-2A17-4B40-A14F-4E1D9B1D4785}.release_ascii|x86.ActiveCfg = release_ascii|Win32
		{04854E7F-2A17-4B40-A14F-4E1D9B1D4785}.release_ascii|x86.Build.0 = release_ascii|Win32
		{04854E7F-2A17-4B40-A14F-4E1D9B1D4785}.release|x64.ActiveCfg = release|x64
		{04854E7F-2A17-4B40-A14F-4E1D9B1D4785}.release|x64.Build.0 = release|x64
		{04854E7F-2A17-4B40-A14F-4E1D9B1D4785}.release|x86.ActiveCfg = release|Win32
		{04854E7F-2A17-4B40-A14F-4E1D9B1D4785}.release|x86.Build.0 = release|Win32
		{59796143-2A7B-4491-8153-7E6088A3F8D2}.debug_ascii|x64.ActiveCfg = debug_ascii|x64
		{59796143-2A7B-4491-8153-7E6088A3F8D2}.debug_ascii|x64.Build.0 = debug_ascii|x64
		{59796143-2A7B-4491-8153-7E6088A3F8D2}.debug_ascii|x86.ActiveCfg = debug_ascii|Win32
		{59796143-2A7B-4491-8153-7E6088A3F8D2}.debug_ascii|x86.Build.0 = debug_ascii|Win32
		{59796143-2A7B-4491-8153-7E6088A3F8D2}.debug|x64.ActiveCfg = debug|x64
		{59796143-2A7B-4491-8153-7E6088A3F8D2}.debug|x64.Build.0 = debug|x64
		{59796143-2A7B-4491-8153-7E6088A3F8D2}.debug|x86.ActiveCfg = debug|Win32
		{59796143-2A7B-4491-8153-7E6088A3F8D2}.debug|x86.Build.0 = debug|Win32
		{59796143-2A7B-4491-8153-7E6088A3F8D2}.release_ascii|x64.ActiveCfg = release_ascii|x64
		{59796143-2A7B-4491-8153-7E6088A3F8D2}.release_ascii|x64.Build.0 = release_ascii|x64
		{59796143-2A7B-4491-8153-7E6088A3F8D2}.release_ascii|x86.ActiveCfg = release_ascii|Win32
		{59796143-2A7B-4491-8153-7E6088A3F8D2}.release_ascii|x86.Build.0 = release_ascii|Win32
		{59796143-2A7B-4491-8153-7E6088A3F8D2}.release|x64.ActiveCfg = release|x64
		{59796143-2A7B-4491-8153-7E6088A3F8D2}.release|x64.Build.0 = release|x64
		{59796143-2A7B-4491-8153-7E6088A3F8D2}.release|x86.ActiveCfg = release|Win32
		{59796143-2A7B-4491-8153-7E6088A3F8D2}.release|x86.Build.0 = release|Win32
		{8BA23C0C-D2D7-4A5A-B8F9-BA5CA19CBAB7}.debug_ascii|x64.ActiveCfg = debug_ascii|x64
		{8BA23C0C-D2D7-4A5A-B8F9-BA5CA19CBAB7}.debug_ascii|x64.Build.0 = debug_ascii|x64
		{8BA23C0C-D2D7-4A5A-B8F9-BA5CA19CBAB7}.debug_ascii|x86.ActiveCfg = debug_ascii|Win32
		{8BA23C0C-D2D7-4A5A-B8F9-BA5CA19CBAB7}.debug_ascii|x86.Build.0 = debug_ascii|Win32
		{8BA23C0C-D2D7-4A5A-B8F9-BA5CA19CBAB7}.debug|x64.ActiveCfg = debug|x64
		{8BA23C0C-D2D7-4A5A-B8F9-BA5CA19CBAB7}.debug|x64.Build.0 = debug|x64
		{8BA23C0C-D2D7-4A5A-B8F9-BA5CA19CBAB7}.debug|x86.ActiveCfg = debug|Win32
		{8BA23C0C-D2D7-4A5A-B8F9-BA5CA19CBAB7}.debug|x86.Build.0 = debug|Win32
		{8BA23C0C-D2D7-4A5A-B8F9-BA5CA19CBAB7}.release_ascii|x64.ActiveCfg = release_ascii|x64
		{8BA23C0C-D2D7-4A5A-B8F9-BA5CA19CBAB7}.release_ascii|x64.Build.0 = release_ascii|x64
		{8BA23C0C-D2D7-4A5A-B8F9-BA5CA19CBAB7}.release_ascii|x86.ActiveCfg = release_ascii|Win32
		{8BA23C0C-D2D7-4A5A-B8F9-BA5CA19CBAB7}.release_ascii|x86.Build.0 = release_ascii|Win32
		{8BA23C0C-D2D7-4A5A-B8F9-BA5CA19CBAB7}.release|x64.ActiveCfg = release|x64
		{8BA23C0C-D2D7-4A5A-B8F9-BA5CA19CBAB7}.release|x64.Build.0 = release|x64
		{8BA23C0C-D2D7-4A5A-B8F9-BA5CA19CBAB7}.release|x86.ActiveCfg = release|Win32
		{8BA23C0C-D2D7-4A5A-B8F9-BA5CA19CBAB7}.release|x86.Build.0 = release|Win32
		{DF581E3F-1816-4384-9FAC-CDF8C651F13D}.debug_ascii|x64.ActiveCfg = debug_ascii|x64
		{DF581E3F-1816-4384-9FAC-CDF8C651F13D}.debug_ascii|x64.Build.0 = debug_ascii|x64
		{DF581E3F-1816-4384-9FAC-CDF8C651F13D}.debug_ascii|x86.ActiveCfg = debug_ascii|Win32
		{DF581E3F-1816-4384-9FAC-CDF8C651F13D}.debug_ascii|x86.Build.0 = debug_ascii|Win32
		{DF581E3F-1816-4384-9FAC-CDF8C651F13D}.debug|x64.ActiveCfg = debug|x64
		{DF581E3F-1816-4384-9FAC-CDF8C651F13D}.debug|x64.Build.0 = debug|x64
		{DF581E3F-1816-4384-9FAC-CDF8C651F13D}.debug|x86.ActiveCfg = debug|Win32
		{DF581E3F-1816-4384-9FAC-CDF8C651F13D}.debug|x86.Build.0 = debug|Win32
		{DF581E3F-1816-4384-9FAC-CDF8C651F13D}.release_ascii|x64.ActiveCfg = release_ascii|x64
		{DF581E3F-1816-4384-9FAC-CDF8C651F13D}.release_ascii|x64.Build.0 = release_ascii|x64
		{DF581E3F-1816-4384-9FAC-CDF8C651F13D}.release_ascii|x86.ActiveCfg = release_ascii|Win32
		{DF581E3F-1816-4384-9FAC-CDF8C651F13D}.release_ascii|x86.Build.0 = release_ascii|Win32
		{DF581E3F-1816-4384-9FAC-CDF8C651F13D}.release|x64.ActiveCfg = release|x64
		{DF581E3F-1816-4384-9FAC-CDF8C651F13D}.release|x64.Build.0 = release|x64
		{DF581E3F-1816-4384-9FAC-CDF8C651F13D}.release|x86.ActiveCfg = release|Win32
		{DF581E3F-1816-4384-9FAC-CDF8C651F13D}.release|x86.Build.0 = release|Win32
	EndGlobalSection
	GlobalSection(SolutionProperties) = preSolution
		HideSolutionNode = FALSE
	EndGlobalSection
	GlobalSection(ExtensibilityGlobals) = postSolution
		SolutionGuid = {1EBDAFB8-D298-4F2F-B154-960F9BBC8B66}
	EndGlobalSection
EndGlobal
