<?xml version="1.0" encoding="utf-8"?>
<Project ToolsVersion="4.0" xmlns="http://schemas.microsoft.com/developer/msbuild/2003">
  <ItemGroup>
    <Filter Include="Source Files">
      <UniqueIdentifier>{93d9affd-10db-42bf-a234-cd3ef51fb745}</UniqueIdentifier>
      <Extensions>cpp;c;cc;cxx;def;odl;idl;hpj;bat;asm;asmx</Extensions>
    </Filter>
    <Filter Include="Header Files">
      <UniqueIdentifier>{5afe47d2-4a87-4fb3-9eda-82307509f0b9}</UniqueIdentifier>
      <Extensions>h;hpp;hxx;hm;inl;inc;xsd</Extensions>
    </Filter>
  </ItemGroup>
  <ItemGroup>
    <ClCompile Include="src\vm_debug_win32.c">
      <Filter>Source Files</Filter>
    </ClCompile>
    <ClCompile Include="src\vm_event_win32.c">
      <Filter>Source Files</Filter>
    </ClCompile>
    <ClCompile Include="src\vm_file.c">
      <Filter>Source Files</Filter>
    </ClCompile>
    <ClCompile Include="src\vm_file_win.c">
      <Filter>Source Files</Filter>
    </ClCompile>
    <ClCompile Include="src\vm_mmap_win32.c">
      <Filter>Source Files</Filter>
    </ClCompile>
    <ClCompile Include="src\vm_mutex_win32.c">
      <Filter>Source Files</Filter>
    </ClCompile>
    <ClCompile Include="src\vm_semaphore_win32.c">
      <Filter>Source Files</Filter>
    </ClCompile>
    <ClCompile Include="src\vm_shared_object_win32.c">
      <Filter>Source Files</Filter>
    </ClCompile>
    <ClCompile Include="src\vm_socket_win32.c">
      <Filter>Source Files</Filter>
    </ClCompile>
    <ClCompile Include="src\vm_sys_info_win32.c">
      <Filter>Source Files</Filter>
    </ClCompile>
    <ClCompile Include="src\vm_thread_win32.c">
      <Filter>Source Files</Filter>
    </ClCompile>
    <ClCompile Include="src\vm_time_win32.c">
      <Filter>Source Files</Filter>
    </ClCompile>
  </ItemGroup>
  <ItemGroup>
    <ClInclude Include="include\vm_debug.h">
      <Filter>Header Files</Filter>
    </ClInclude>
    <ClInclude Include="include\vm_event.h">
      <Filter>Header Files</Filter>
    </ClInclude>
    <ClInclude Include="include\vm_file.h">
      <Filter>Header Files</Filter>
    </ClInclude>
    <ClInclude Include="include\vm_mmap.h">
      <Filter>Header Files</Filter>
    </ClInclude>
    <ClInclude Include="include\vm_mutex.h">
      <Filter>Header Files</Filter>
    </ClInclude>
    <ClInclude Include="include\vm_semaphore.h">
      <Filter>Header Files</Filter>
    </ClInclude>
    <ClInclude Include="include\vm_shared_object.h">
      <Filter>Header Files</Filter>
    </ClInclude>
    <ClInclude Include="include\vm_socket.h">
      <Filter>Header Files</Filter>
    </ClInclude>
    <ClInclude Include="include\vm_strings.h">
      <Filter>Header Files</Filter>
    </ClInclude>
    <ClInclude Include="include\vm_sys_info.h">
      <Filter>Header Files</Filter>
    </ClInclude>
    <ClInclude Include="include\vm_thread.h">
      <Filter>Header Files</Filter>
    </ClInclude>
    <ClInclude Include="include\vm_time.h">
      <Filter>Header Files</Filter>
    </ClInclude>
    <ClInclude Include="include\vm_types.h">
      <Filter>Header Files</Filter>
    </ClInclude>
  </ItemGroup>
</Project>