<?xml version="1.0" encoding="utf-8"?>
<Project ToolsVersion="4.0" xmlns="http://schemas.microsoft.com/developer/msbuild/2003">
  <ItemGroup>
    <Filter Include="Source Files">
      <UniqueIdentifier>{c0eba525-42de-4a84-835c-d6765f9bfe42}</UniqueIdentifier>
      <Extensions>cpp;c;cc;cxx;def;odl;idl;hpj;bat;asm;asmx</Extensions>
    </Filter>
    <Filter Include="Header Files">
      <UniqueIdentifier>{f34f4775-7aa1-4e32-93b4-4c455da75b95}</UniqueIdentifier>
      <Extensions>h;hpp;hxx;hm;inl;inc;xsd</Extensions>
    </Filter>
  </ItemGroup>
  <ItemGroup>
    <ClCompile Include="src\aac_dec_api.c">
      <Filter>Source Files</Filter>
    </ClCompile>
    <ClCompile Include="src\aac_dec_stream_elements.c">
      <Filter>Source Files</Filter>
    </ClCompile>
    <ClCompile Include="src\aac_enc_elements.c">
      <Filter>Source Files</Filter>
    </ClCompile>
    <ClCompile Include="src\aac_enc_huff_tables.c">
      <Filter>Source Files</Filter>
    </ClCompile>
    <ClCompile Include="src\aac_enc_search.c">
      <Filter>Source Files</Filter>
    </ClCompile>
    <ClCompile Include="src\aac_filterbank_fp.c">
      <Filter>Source Files</Filter>
    </ClCompile>
    <ClCompile Include="src\aac_sfb_tables.c">
      <Filter>Source Files</Filter>
    </ClCompile>
    <ClCompile Include="src\aac_win_tables_fp.c">
      <Filter>Source Files</Filter>
    </ClCompile>
    <ClCompile Include="src\aac_win_tables_int.c">
      <Filter>Source Files</Filter>
    </ClCompile>
    <ClCompile Include="src\aaccmn_adif.c">
      <Filter>Source Files</Filter>
    </ClCompile>
    <ClCompile Include="src\aaccmn_adts.c">
      <Filter>Source Files</Filter>
    </ClCompile>
    <ClCompile Include="src\aaccmn_cce.c">
      <Filter>Source Files</Filter>
    </ClCompile>
    <ClCompile Include="src\aaccmn_chmap.c">
      <Filter>Source Files</Filter>
    </ClCompile>
    <ClCompile Include="src\aaccmn_huff.c">
      <Filter>Source Files</Filter>
    </ClCompile>
    <ClCompile Include="src\aaccmn_ics.c">
      <Filter>Source Files</Filter>
    </ClCompile>
    <ClCompile Include="src\bstream.c">
      <Filter>Source Files</Filter>
    </ClCompile>
    <ClCompile Include="src\mp3_alloc_tab.c">
      <Filter>Source Files</Filter>
    </ClCompile>
    <ClCompile Include="src\mp3_common.c">
      <Filter>Source Files</Filter>
    </ClCompile>
    <ClCompile Include="src\mp3dec_api.c">
      <Filter>Source Files</Filter>
    </ClCompile>
    <ClCompile Include="src\mp3dec_common.c">
      <Filter>Source Files</Filter>
    </ClCompile>
    <ClCompile Include="src\mp3dec_layer1.c">
      <Filter>Source Files</Filter>
    </ClCompile>
    <ClCompile Include="src\mp3dec_layer2.c">
      <Filter>Source Files</Filter>
    </ClCompile>
    <ClCompile Include="src\mp3dec_layer3.c">
      <Filter>Source Files</Filter>
    </ClCompile>
    <ClCompile Include="src\mp3enc_bitstream.c">
      <Filter>Source Files</Filter>
    </ClCompile>
    <ClCompile Include="src\mp3enc_common.c">
      <Filter>Source Files</Filter>
    </ClCompile>
    <ClCompile Include="src\mp3enc_huff.c">
      <Filter>Source Files</Filter>
    </ClCompile>
    <ClCompile Include="src\mp3enc_hufftables.c">
      <Filter>Source Files</Filter>
    </ClCompile>
    <ClCompile Include="src\mp3enc_quantization.c">
      <Filter>Source Files</Filter>
    </ClCompile>
    <ClCompile Include="src\mp3enc_tables.c">
      <Filter>Source Files</Filter>
    </ClCompile>
    <ClCompile Include="src\mp4cmn_config.c">
      <Filter>Source Files</Filter>
    </ClCompile>
    <ClCompile Include="src\mp4cmn_const.c">
      <Filter>Source Files</Filter>
    </ClCompile>
    <ClCompile Include="src\mp4cmn_pce.c">
      <Filter>Source Files</Filter>
    </ClCompile>
    <ClCompile Include="src\ps_dec_parser.c">
      <Filter>Source Files</Filter>
    </ClCompile>
    <ClCompile Include="src\ps_huff_tabs.c">
      <Filter>Source Files</Filter>
    </ClCompile>
    <ClCompile Include="src\sbr_dec_env_decoding.c">
      <Filter>Source Files</Filter>
    </ClCompile>
    <ClCompile Include="src\sbr_dec_parser.c">
      <Filter>Source Files</Filter>
    </ClCompile>
    <ClCompile Include="src\sbr_dec_reset.c">
      <Filter>Source Files</Filter>
    </ClCompile>
    <ClCompile Include="src\sbr_freq_tabs.c">
      <Filter>Source Files</Filter>
    </ClCompile>
    <ClCompile Include="src\sbr_huff_tabs.c">
      <Filter>Source Files</Filter>
    </ClCompile>
    <ClCompile Include="src\sbr_pow_vec.c">
      <Filter>Source Files</Filter>
    </ClCompile>
  </ItemGroup>
  <ItemGroup>
    <ClInclude Include="include\aac_dec_own.h">
      <Filter>Header Files</Filter>
    </ClInclude>
    <ClInclude Include="include\aac_enc_huff_tables.h">
      <Filter>Header Files</Filter>
    </ClInclude>
    <ClInclude Include="include\aac_enc_own.h">
      <Filter>Header Files</Filter>
    </ClInclude>
    <ClInclude Include="include\aac_enc_search.h">
      <Filter>Header Files</Filter>
    </ClInclude>
    <ClInclude Include="include\aac_filterbank_fp.h">
      <Filter>Header Files</Filter>
    </ClInclude>
    <ClInclude Include="include\aac_filterbank_int.h">
      <Filter>Header Files</Filter>
    </ClInclude>
    <ClInclude Include="include\aac_sfb_tables.h">
      <Filter>Header Files</Filter>
    </ClInclude>
    <ClInclude Include="include\aac_status.h">
      <Filter>Header Files</Filter>
    </ClInclude>
    <ClInclude Include="include\aac_wnd_tables_fp.h">
      <Filter>Header Files</Filter>
    </ClInclude>
    <ClInclude Include="include\aac_wnd_tables_int.h">
      <Filter>Header Files</Filter>
    </ClInclude>
    <ClInclude Include="include\aaccmn_adif.h">
      <Filter>Header Files</Filter>
    </ClInclude>
    <ClInclude Include="include\aaccmn_adts.h">
      <Filter>Header Files</Filter>
    </ClInclude>
    <ClInclude Include="include\aaccmn_cce.h">
      <Filter>Header Files</Filter>
    </ClInclude>
    <ClInclude Include="include\aaccmn_chmap.h">
      <Filter>Header Files</Filter>
    </ClInclude>
    <ClInclude Include="include\aaccmn_const.h">
      <Filter>Header Files</Filter>
    </ClInclude>
    <ClInclude Include="include\aaccmn_huff.h">
      <Filter>Header Files</Filter>
    </ClInclude>
    <ClInclude Include="include\aaccmn_ics.h">
      <Filter>Header Files</Filter>
    </ClInclude>
    <ClInclude Include="include\align.h">
      <Filter>Header Files</Filter>
    </ClInclude>
    <ClInclude Include="include\audio_codec_params.h">
      <Filter>Header Files</Filter>
    </ClInclude>
    <ClInclude Include="include\bstream.h">
      <Filter>Header Files</Filter>
    </ClInclude>
    <ClInclude Include="include\mp3_alloc_tab.h">
      <Filter>Header Files</Filter>
    </ClInclude>
    <ClInclude Include="include\mp3_own.h">
      <Filter>Header Files</Filter>
    </ClInclude>
    <ClInclude Include="include\mp3_status.h">
      <Filter>Header Files</Filter>
    </ClInclude>
    <ClInclude Include="include\mp3dec.h">
      <Filter>Header Files</Filter>
    </ClInclude>
    <ClInclude Include="include\mp3dec_huftabs.h">
      <Filter>Header Files</Filter>
    </ClInclude>
    <ClInclude Include="include\mp3dec_own.h">
      <Filter>Header Files</Filter>
    </ClInclude>
    <ClInclude Include="include\mp3enc.h">
      <Filter>Header Files</Filter>
    </ClInclude>
    <ClInclude Include="include\mp3enc_hufftables.h">
      <Filter>Header Files</Filter>
    </ClInclude>
    <ClInclude Include="include\mp3enc_own.h">
      <Filter>Header Files</Filter>
    </ClInclude>
    <ClInclude Include="include\mp3enc_psychoacoustic.h">
      <Filter>Header Files</Filter>
    </ClInclude>
    <ClInclude Include="include\mp3enc_tables.h">
      <Filter>Header Files</Filter>
    </ClInclude>
    <ClInclude Include="include\mp4cmn_config.h">
      <Filter>Header Files</Filter>
    </ClInclude>
    <ClInclude Include="include\mp4cmn_const.h">
      <Filter>Header Files</Filter>
    </ClInclude>
    <ClInclude Include="include\mp4cmn_pce.h">
      <Filter>Header Files</Filter>
    </ClInclude>
    <ClInclude Include="include\ps_dec_parser.h">
      <Filter>Header Files</Filter>
    </ClInclude>
    <ClInclude Include="include\ps_dec_settings.h">
      <Filter>Header Files</Filter>
    </ClInclude>
    <ClInclude Include="include\ps_dec_struct.h">
      <Filter>Header Files</Filter>
    </ClInclude>
    <ClInclude Include="include\sbr_dec_parser.h">
      <Filter>Header Files</Filter>
    </ClInclude>
    <ClInclude Include="include\sbr_dec_settings.h">
      <Filter>Header Files</Filter>
    </ClInclude>
    <ClInclude Include="include\sbr_dec_struct.h">
      <Filter>Header Files</Filter>
    </ClInclude>
    <ClInclude Include="include\sbr_freq_tabs.h">
      <Filter>Header Files</Filter>
    </ClInclude>
    <ClInclude Include="include\sbr_huff_tabs.h">
      <Filter>Header Files</Filter>
    </ClInclude>
    <ClInclude Include="include\sbr_settings.h">
      <Filter>Header Files</Filter>
    </ClInclude>
    <ClInclude Include="include\sbr_struct.h">
      <Filter>Header Files</Filter>
    </ClInclude>
    <ClInclude Include="include\umc_aac_decoder_params.h">
      <Filter>Header Files</Filter>
    </ClInclude>
    <ClInclude Include="include\umc_aac_encoder_params.h">
      <Filter>Header Files</Filter>
    </ClInclude>
    <ClInclude Include="include\umc_mp3_decoder_params.h">
      <Filter>Header Files</Filter>
    </ClInclude>
    <ClInclude Include="include\umc_mp3_encoder_params.h">
      <Filter>Header Files</Filter>
    </ClInclude>
  </ItemGroup>
</Project>