<?xml version="1.0" encoding="utf-8"?>
<Project ToolsVersion="4.0" xmlns="http://schemas.microsoft.com/developer/msbuild/2003">
  <ItemGroup>
    <Filter Include="Source Files">
      <UniqueIdentifier>{9e33d52f-7b55-4796-9045-58c7b749ecc5}</UniqueIdentifier>
      <Extensions>cpp;c;cc;cxx;def;odl;idl;hpj;bat;asm;asmx</Extensions>
    </Filter>
    <Filter Include="Header Files">
      <UniqueIdentifier>{4f0f448f-ead5-43fa-8691-7c33f1bb33b1}</UniqueIdentifier>
      <Extensions>h;hpp;hxx;hm;inl;inc;xsd</Extensions>
    </Filter>
  </ItemGroup>
  <ItemGroup>
    <ClInclude Include="include\umc_base_bitstream.h">
      <Filter>Header Files</Filter>
    </ClInclude>
    <ClInclude Include="include\umc_h264_avbr.h">
      <Filter>Header Files</Filter>
    </ClInclude>
    <ClInclude Include="include\umc_h264_bme.h">
      <Filter>Header Files</Filter>
    </ClInclude>
    <ClInclude Include="include\umc_h264_bs.h">
      <Filter>Header Files</Filter>
    </ClInclude>
    <ClInclude Include="include\umc_h264_config.h">
      <Filter>Header Files</Filter>
    </ClInclude>
    <ClInclude Include="include\umc_h264_core_enc.h">
      <Filter>Header Files</Filter>
    </ClInclude>
    <ClInclude Include="include\umc_h264_deblocking.h">
      <Filter>Header Files</Filter>
    </ClInclude>
    <ClInclude Include="include\umc_h264_deblocking_tools.h">
      <Filter>Header Files</Filter>
    </ClInclude>
    <ClInclude Include="include\umc_h264_defs.h">
      <Filter>Header Files</Filter>
    </ClInclude>
    <ClInclude Include="include\umc_h264_enc_cpb.h">
      <Filter>Header Files</Filter>
    </ClInclude>
    <ClInclude Include="include\umc_h264_tables.h">
      <Filter>Header Files</Filter>
    </ClInclude>
    <ClInclude Include="include\umc_h264_to_ipp.h">
      <Filter>Header Files</Filter>
    </ClInclude>
    <ClInclude Include="include\umc_h264_video_encoder.h">
      <Filter>Header Files</Filter>
    </ClInclude>
  </ItemGroup>
  <ItemGroup>
    <ClCompile Include="src\umc_base_bitstream.cpp">
      <Filter>Source Files</Filter>
    </ClCompile>
    <ClCompile Include="src\umc_h264_aic.cpp">
      <Filter>Source Files</Filter>
    </ClCompile>
    <ClCompile Include="src\umc_h264_avbr.cpp">
      <Filter>Source Files</Filter>
    </ClCompile>
    <ClCompile Include="src\umc_h264_bs.cpp">
      <Filter>Source Files</Filter>
    </ClCompile>
    <ClCompile Include="src\umc_h264_core_enc.cpp">
      <Filter>Source Files</Filter>
    </ClCompile>
    <ClCompile Include="src\umc_h264_deblocking.cpp">
      <Filter>Source Files</Filter>
    </ClCompile>
    <ClCompile Include="src\umc_h264_deblocking_mbaff.cpp">
      <Filter>Source Files</Filter>
    </ClCompile>
    <ClCompile Include="src\umc_h264_deblocking_tools.cpp">
      <Filter>Source Files</Filter>
    </ClCompile>
    <ClCompile Include="src\umc_h264_enc_cpb.cpp">
      <Filter>Source Files</Filter>
    </ClCompile>
    <ClCompile Include="src\umc_h264_ermb.cpp">
      <Filter>Source Files</Filter>
    </ClCompile>
    <ClCompile Include="src\umc_h264_mc.cpp">
      <Filter>Source Files</Filter>
    </ClCompile>
    <ClCompile Include="src\umc_h264_me.cpp">
      <Filter>Source Files</Filter>
    </ClCompile>
    <ClCompile Include="src\umc_h264_pack.cpp">
      <Filter>Source Files</Filter>
    </ClCompile>
    <ClCompile Include="src\umc_h264_sad.cpp">
      <Filter>Source Files</Filter>
    </ClCompile>
    <ClCompile Include="src\umc_h264_tables.cpp">
      <Filter>Source Files</Filter>
    </ClCompile>
    <ClCompile Include="src\umc_h264_video_encoder.cpp">
      <Filter>Source Files</Filter>
    </ClCompile>
  </ItemGroup>
</Project>